// !$*UTF8*$!
{
	archiveVersion = 1;
	classes = {
	};
	objectVersion = 55;
	objects = {

/* Begin PBXBuildFile section */
		0BFD82806B5A0B62C992F1AE /* libPods-AXRightWifi.a in Frameworks */ = {isa = PBXBuildFile; fileRef = CB66007756FA78C6C649CA1B /* libPods-AXRightWifi.a */; };
		4C1B8AB52A131D040051491F /* AXFlowDateView.m in Sources */ = {isa = PBXBuildFile; fileRef = 4C1B8AB42A131D040051491F /* AXFlowDateView.m */; };
		4C1B8AB82A13200A0051491F /* AXFlowCardDataView.m in Sources */ = {isa = PBXBuildFile; fileRef = 4C1B8AB72A13200A0051491F /* AXFlowCardDataView.m */; };
		4C1B8ABB2A1336040051491F /* ZCFlowManage.m in Sources */ = {isa = PBXBuildFile; fileRef = 4C1B8ABA2A1336040051491F /* ZCFlowManage.m */; };
		4C1B8ABE2A134B9E0051491F /* AXFlowRewardItemCell.m in Sources */ = {isa = PBXBuildFile; fileRef = 4C1B8ABD2A134B9E0051491F /* AXFlowRewardItemCell.m */; };
		4C1B8AC12A13631E0051491F /* AXFlowDonwHeadView.m in Sources */ = {isa = PBXBuildFile; fileRef = 4C1B8AC02A13631E0051491F /* AXFlowDonwHeadView.m */; };
		4C1B8AC42A1367EE0051491F /* AXFlowDownItemCell.m in Sources */ = {isa = PBXBuildFile; fileRef = 4C1B8AC32A1367EE0051491F /* AXFlowDownItemCell.m */; };
		4C9B6E2E29E8210D0007BDB5 /* AppDelegate.m in Sources */ = {isa = PBXBuildFile; fileRef = 4C9B6E2D29E8210D0007BDB5 /* AppDelegate.m */; };
		4C9B6E3729E8210D0007BDB5 /* Main.storyboard in Resources */ = {isa = PBXBuildFile; fileRef = 4C9B6E3529E8210D0007BDB5 /* Main.storyboard */; };
		4C9B6E3929E821110007BDB5 /* Assets.xcassets in Resources */ = {isa = PBXBuildFile; fileRef = 4C9B6E3829E821110007BDB5 /* Assets.xcassets */; };
		4C9B6E3C29E821110007BDB5 /* LaunchScreen.storyboard in Resources */ = {isa = PBXBuildFile; fileRef = 4C9B6E3A29E821110007BDB5 /* LaunchScreen.storyboard */; };
		4C9B6E3F29E821110007BDB5 /* main.m in Sources */ = {isa = PBXBuildFile; fileRef = 4C9B6E3E29E821110007BDB5 /* main.m */; };
		4C9B6E4929E821110007BDB5 /* AXRightWifiTests.m in Sources */ = {isa = PBXBuildFile; fileRef = 4C9B6E4829E821110007BDB5 /* AXRightWifiTests.m */; };
		4C9B6E5329E821110007BDB5 /* AXRightWifiUITests.m in Sources */ = {isa = PBXBuildFile; fileRef = 4C9B6E5229E821110007BDB5 /* AXRightWifiUITests.m */; };
		4C9B6E5529E821110007BDB5 /* AXRightWifiUITestsLaunchTests.m in Sources */ = {isa = PBXBuildFile; fileRef = 4C9B6E5429E821110007BDB5 /* AXRightWifiUITestsLaunchTests.m */; };
		4CC92F012A12013600948B1C /* AXHomeItemView.m in Sources */ = {isa = PBXBuildFile; fileRef = 4CC92F002A12013600948B1C /* AXHomeItemView.m */; };
		4CC92F042A1214FB00948B1C /* AXHomeSearchView.m in Sources */ = {isa = PBXBuildFile; fileRef = 4CC92F032A1214FB00948B1C /* AXHomeSearchView.m */; };
		4CC92F072A121D1C00948B1C /* AXHomeItemMulPictureCell.m in Sources */ = {isa = PBXBuildFile; fileRef = 4CC92F062A121D1C00948B1C /* AXHomeItemMulPictureCell.m */; };
		4CC92F0A2A121D2D00948B1C /* AXHomeItemSinglePictureCell.m in Sources */ = {isa = PBXBuildFile; fileRef = 4CC92F092A121D2D00948B1C /* AXHomeItemSinglePictureCell.m */; };
		4CC92F0D2A121D5200948B1C /* AXHomeItemVideoCell.m in Sources */ = {isa = PBXBuildFile; fileRef = 4CC92F0C2A121D5200948B1C /* AXHomeItemVideoCell.m */; };
		4CC92F102A121D8800948B1C /* AXHomeItemCharCell.m in Sources */ = {isa = PBXBuildFile; fileRef = 4CC92F0F2A121D8800948B1C /* AXHomeItemCharCell.m */; };
		4CC92F132A121E4A00948B1C /* AXHomeItemPictureView.m in Sources */ = {isa = PBXBuildFile; fileRef = 4CC92F122A121E4A00948B1C /* AXHomeItemPictureView.m */; };
		4CFFB06B2A020A8300E3C814 /* UIView+Exta.m in Sources */ = {isa = PBXBuildFile; fileRef = 4CFFB0592A020A8300E3C814 /* UIView+Exta.m */; };
		4CFFB06C2A020A8300E3C814 /* UIColor+Color.m in Sources */ = {isa = PBXBuildFile; fileRef = 4CFFB05B2A020A8300E3C814 /* UIColor+Color.m */; };
		4CFFB06D2A020A8300E3C814 /* NSDate+Extension.m in Sources */ = {isa = PBXBuildFile; fileRef = 4CFFB05C2A020A8300E3C814 /* NSDate+Extension.m */; };
		4CFFB06E2A020A8300E3C814 /* UIImage+Exta.m in Sources */ = {isa = PBXBuildFile; fileRef = 4CFFB05E2A020A8300E3C814 /* UIImage+Exta.m */; };
		4CFFB06F2A020A8300E3C814 /* NSString+ZCHelper.m in Sources */ = {isa = PBXBuildFile; fileRef = 4CFFB05F2A020A8300E3C814 /* NSString+ZCHelper.m */; };
		4CFFB0702A020A8300E3C814 /* UIButton+Extra.m in Sources */ = {isa = PBXBuildFile; fileRef = 4CFFB0632A020A8300E3C814 /* UIButton+Extra.m */; };
		4CFFB0712A020A8300E3C814 /* UILabel+Exta.m in Sources */ = {isa = PBXBuildFile; fileRef = 4CFFB0642A020A8300E3C814 /* UILabel+Exta.m */; };
		4CFFB0722A020A8300E3C814 /* UIView+Positon.m in Sources */ = {isa = PBXBuildFile; fileRef = 4CFFB0692A020A8300E3C814 /* UIView+Positon.m */; };
		4CFFB0732A020A8300E3C814 /* UITextField+Exta.m in Sources */ = {isa = PBXBuildFile; fileRef = 4CFFB06A2A020A8300E3C814 /* UITextField+Exta.m */; };
		4CFFB0782A020BB000E3C814 /* ZCDevice.m in Sources */ = {isa = PBXBuildFile; fileRef = 4CFFB0772A020BB000E3C814 /* ZCDevice.m */; };
		4CFFB07D2A020DE300E3C814 /* ZCBaseNavController.m in Sources */ = {isa = PBXBuildFile; fileRef = 4CFFB0792A020DE200E3C814 /* ZCBaseNavController.m */; };
		4CFFB07E2A020DE300E3C814 /* ZCBaseViewController.m in Sources */ = {isa = PBXBuildFile; fileRef = 4CFFB07C2A020DE300E3C814 /* ZCBaseViewController.m */; };
		4CFFB0812A020E9300E3C814 /* ZCConfigColor.m in Sources */ = {isa = PBXBuildFile; fileRef = 4CFFB07F2A020E9300E3C814 /* ZCConfigColor.m */; };
		4CFFB0872A020F3100E3C814 /* ZCLoginController.m in Sources */ = {isa = PBXBuildFile; fileRef = 4CFFB0862A020F3100E3C814 /* ZCLoginController.m */; };
		4CFFB08B2A020F7B00E3C814 /* ZCBaseDataTool.m in Sources */ = {isa = PBXBuildFile; fileRef = 4CFFB08A2A020F7B00E3C814 /* ZCBaseDataTool.m */; };
		4CFFB08E2A020FA000E3C814 /* ZCUserInfo.m in Sources */ = {isa = PBXBuildFile; fileRef = 4CFFB08D2A020FA000E3C814 /* ZCUserInfo.m */; };
		4CFFB0912A02107000E3C814 /* ZCRegisterController.m in Sources */ = {isa = PBXBuildFile; fileRef = 4CFFB0902A02107000E3C814 /* ZCRegisterController.m */; };
		4CFFB0942A02119A00E3C814 /* ZCTabBarController.m in Sources */ = {isa = PBXBuildFile; fileRef = 4CFFB0932A02119A00E3C814 /* ZCTabBarController.m */; };
		4CFFB0982A0211E700E3C814 /* ZCHomeController.m in Sources */ = {isa = PBXBuildFile; fileRef = 4CFFB0972A0211E700E3C814 /* ZCHomeController.m */; };
		4CFFB09D2A02120300E3C814 /* ZCShopController.m in Sources */ = {isa = PBXBuildFile; fileRef = 4CFFB09C2A02120300E3C814 /* ZCShopController.m */; };
		4CFFB0A22A02122F00E3C814 /* ZCFlowController.m in Sources */ = {isa = PBXBuildFile; fileRef = 4CFFB0A12A02122F00E3C814 /* ZCFlowController.m */; };
		4CFFB0A72A02124400E3C814 /* ZCMyController.m in Sources */ = {isa = PBXBuildFile; fileRef = 4CFFB0A62A02124400E3C814 /* ZCMyController.m */; };
		4CFFB0B32A0217E800E3C814 /* UIResponder+HBRouter.m in Sources */ = {isa = PBXBuildFile; fileRef = 4CFFB0AF2A0217E800E3C814 /* UIResponder+HBRouter.m */; };
		4CFFB0B42A0217E800E3C814 /* HBRouter.m in Sources */ = {isa = PBXBuildFile; fileRef = 4CFFB0B02A0217E800E3C814 /* HBRouter.m */; };
		4CFFB0B52A0217E800E3C814 /* HCRouter.m in Sources */ = {isa = PBXBuildFile; fileRef = 4CFFB0B12A0217E800E3C814 /* HCRouter.m */; };
		4CFFB0B72A02181B00E3C814 /* HBRouter.plist in Resources */ = {isa = PBXBuildFile; fileRef = 4CFFB0B62A02181B00E3C814 /* HBRouter.plist */; };
		4CFFB0BC2A02188700E3C814 /* ZCLoginFieldView.m in Sources */ = {isa = PBXBuildFile; fileRef = 4CFFB0BB2A02188700E3C814 /* ZCLoginFieldView.m */; };
		4CFFB0BF2A02261200E3C814 /* ZCForgetController.m in Sources */ = {isa = PBXBuildFile; fileRef = 4CFFB0BE2A02261200E3C814 /* ZCForgetController.m */; };
		4CFFB0C22A0260F800E3C814 /* ZCNetwork.m in Sources */ = {isa = PBXBuildFile; fileRef = 4CFFB0C12A0260F800E3C814 /* ZCNetwork.m */; };
		4CFFB0CA2A0261B600E3C814 /* CFFHud.m in Sources */ = {isa = PBXBuildFile; fileRef = 4CFFB0C42A0261B600E3C814 /* CFFHud.m */; };
		4CFFB0CB2A0261B600E3C814 /* ZCHud.m in Sources */ = {isa = PBXBuildFile; fileRef = 4CFFB0C52A0261B600E3C814 /* ZCHud.m */; };
		4CFFB0CC2A0261B600E3C814 /* CFFAlertView.m in Sources */ = {isa = PBXBuildFile; fileRef = 4CFFB0C62A0261B600E3C814 /* CFFAlertView.m */; };
		4CFFB0CF2A0261E200E3C814 /* CFFPopupView.m in Sources */ = {isa = PBXBuildFile; fileRef = 4CFFB0CE2A0261E200E3C814 /* CFFPopupView.m */; };
		4CFFB0D22A02627600E3C814 /* ZCLoginManage.m in Sources */ = {isa = PBXBuildFile; fileRef = 4CFFB0D12A02627600E3C814 /* ZCLoginManage.m */; };
		4CFFB0D52A02771800E3C814 /* ZCHomeManage.m in Sources */ = {isa = PBXBuildFile; fileRef = 4CFFB0D42A02771800E3C814 /* ZCHomeManage.m */; };
/* End PBXBuildFile section */

/* Begin PBXContainerItemProxy section */
		4C9B6E4529E821110007BDB5 /* PBXContainerItemProxy */ = {
			isa = PBXContainerItemProxy;
			containerPortal = 4C9B6E2129E8210D0007BDB5 /* Project object */;
			proxyType = 1;
			remoteGlobalIDString = 4C9B6E2829E8210D0007BDB5;
			remoteInfo = AXRightWifi;
		};
		4C9B6E4F29E821110007BDB5 /* PBXContainerItemProxy */ = {
			isa = PBXContainerItemProxy;
			containerPortal = 4C9B6E2129E8210D0007BDB5 /* Project object */;
			proxyType = 1;
			remoteGlobalIDString = 4C9B6E2829E8210D0007BDB5;
			remoteInfo = AXRightWifi;
		};
/* End PBXContainerItemProxy section */

/* Begin PBXFileReference section */
		4C1B8AB32A131D040051491F /* AXFlowDateView.h */ = {isa = PBXFileReference; lastKnownFileType = sourcecode.c.h; path = AXFlowDateView.h; sourceTree = "<group>"; };
		4C1B8AB42A131D040051491F /* AXFlowDateView.m */ = {isa = PBXFileReference; lastKnownFileType = sourcecode.c.objc; path = AXFlowDateView.m; sourceTree = "<group>"; };
		4C1B8AB62A13200A0051491F /* AXFlowCardDataView.h */ = {isa = PBXFileReference; lastKnownFileType = sourcecode.c.h; path = AXFlowCardDataView.h; sourceTree = "<group>"; };
		4C1B8AB72A13200A0051491F /* AXFlowCardDataView.m */ = {isa = PBXFileReference; lastKnownFileType = sourcecode.c.objc; path = AXFlowCardDataView.m; sourceTree = "<group>"; };
		4C1B8AB92A1336040051491F /* ZCFlowManage.h */ = {isa = PBXFileReference; lastKnownFileType = sourcecode.c.h; path = ZCFlowManage.h; sourceTree = "<group>"; };
		4C1B8ABA2A1336040051491F /* ZCFlowManage.m */ = {isa = PBXFileReference; lastKnownFileType = sourcecode.c.objc; path = ZCFlowManage.m; sourceTree = "<group>"; };
		4C1B8ABC2A134B9E0051491F /* AXFlowRewardItemCell.h */ = {isa = PBXFileReference; lastKnownFileType = sourcecode.c.h; path = AXFlowRewardItemCell.h; sourceTree = "<group>"; };
		4C1B8ABD2A134B9E0051491F /* AXFlowRewardItemCell.m */ = {isa = PBXFileReference; lastKnownFileType = sourcecode.c.objc; path = AXFlowRewardItemCell.m; sourceTree = "<group>"; };
		4C1B8ABF2A13631E0051491F /* AXFlowDonwHeadView.h */ = {isa = PBXFileReference; lastKnownFileType = sourcecode.c.h; path = AXFlowDonwHeadView.h; sourceTree = "<group>"; };
		4C1B8AC02A13631E0051491F /* AXFlowDonwHeadView.m */ = {isa = PBXFileReference; lastKnownFileType = sourcecode.c.objc; path = AXFlowDonwHeadView.m; sourceTree = "<group>"; };
		4C1B8AC22A1367EE0051491F /* AXFlowDownItemCell.h */ = {isa = PBXFileReference; lastKnownFileType = sourcecode.c.h; path = AXFlowDownItemCell.h; sourceTree = "<group>"; };
		4C1B8AC32A1367EE0051491F /* AXFlowDownItemCell.m */ = {isa = PBXFileReference; lastKnownFileType = sourcecode.c.objc; path = AXFlowDownItemCell.m; sourceTree = "<group>"; };
		4C9B6E2929E8210D0007BDB5 /* AXRightWifi.app */ = {isa = PBXFileReference; explicitFileType = wrapper.application; includeInIndex = 0; path = AXRightWifi.app; sourceTree = BUILT_PRODUCTS_DIR; };
		4C9B6E2C29E8210D0007BDB5 /* AppDelegate.h */ = {isa = PBXFileReference; lastKnownFileType = sourcecode.c.h; path = AppDelegate.h; sourceTree = "<group>"; };
		4C9B6E2D29E8210D0007BDB5 /* AppDelegate.m */ = {isa = PBXFileReference; lastKnownFileType = sourcecode.c.objc; path = AppDelegate.m; sourceTree = "<group>"; };
		4C9B6E3629E8210D0007BDB5 /* Base */ = {isa = PBXFileReference; lastKnownFileType = file.storyboard; name = Base; path = Base.lproj/Main.storyboard; sourceTree = "<group>"; };
		4C9B6E3829E821110007BDB5 /* Assets.xcassets */ = {isa = PBXFileReference; lastKnownFileType = folder.assetcatalog; path = Assets.xcassets; sourceTree = "<group>"; };
		4C9B6E3B29E821110007BDB5 /* Base */ = {isa = PBXFileReference; lastKnownFileType = file.storyboard; name = Base; path = Base.lproj/LaunchScreen.storyboard; sourceTree = "<group>"; };
		4C9B6E3D29E821110007BDB5 /* Info.plist */ = {isa = PBXFileReference; lastKnownFileType = text.plist.xml; path = Info.plist; sourceTree = "<group>"; };
		4C9B6E3E29E821110007BDB5 /* main.m */ = {isa = PBXFileReference; lastKnownFileType = sourcecode.c.objc; path = main.m; sourceTree = "<group>"; };
		4C9B6E4429E821110007BDB5 /* AXRightWifiTests.xctest */ = {isa = PBXFileReference; explicitFileType = wrapper.cfbundle; includeInIndex = 0; path = AXRightWifiTests.xctest; sourceTree = BUILT_PRODUCTS_DIR; };
		4C9B6E4829E821110007BDB5 /* AXRightWifiTests.m */ = {isa = PBXFileReference; lastKnownFileType = sourcecode.c.objc; path = AXRightWifiTests.m; sourceTree = "<group>"; };
		4C9B6E4E29E821110007BDB5 /* AXRightWifiUITests.xctest */ = {isa = PBXFileReference; explicitFileType = wrapper.cfbundle; includeInIndex = 0; path = AXRightWifiUITests.xctest; sourceTree = BUILT_PRODUCTS_DIR; };
		4C9B6E5229E821110007BDB5 /* AXRightWifiUITests.m */ = {isa = PBXFileReference; lastKnownFileType = sourcecode.c.objc; path = AXRightWifiUITests.m; sourceTree = "<group>"; };
		4C9B6E5429E821110007BDB5 /* AXRightWifiUITestsLaunchTests.m */ = {isa = PBXFileReference; lastKnownFileType = sourcecode.c.objc; path = AXRightWifiUITestsLaunchTests.m; sourceTree = "<group>"; };
		4CC92EFF2A12013600948B1C /* AXHomeItemView.h */ = {isa = PBXFileReference; lastKnownFileType = sourcecode.c.h; path = AXHomeItemView.h; sourceTree = "<group>"; };
		4CC92F002A12013600948B1C /* AXHomeItemView.m */ = {isa = PBXFileReference; lastKnownFileType = sourcecode.c.objc; path = AXHomeItemView.m; sourceTree = "<group>"; };
		4CC92F022A1214FB00948B1C /* AXHomeSearchView.h */ = {isa = PBXFileReference; lastKnownFileType = sourcecode.c.h; path = AXHomeSearchView.h; sourceTree = "<group>"; };
		4CC92F032A1214FB00948B1C /* AXHomeSearchView.m */ = {isa = PBXFileReference; lastKnownFileType = sourcecode.c.objc; path = AXHomeSearchView.m; sourceTree = "<group>"; };
		4CC92F052A121D1C00948B1C /* AXHomeItemMulPictureCell.h */ = {isa = PBXFileReference; lastKnownFileType = sourcecode.c.h; path = AXHomeItemMulPictureCell.h; sourceTree = "<group>"; };
		4CC92F062A121D1C00948B1C /* AXHomeItemMulPictureCell.m */ = {isa = PBXFileReference; lastKnownFileType = sourcecode.c.objc; path = AXHomeItemMulPictureCell.m; sourceTree = "<group>"; };
		4CC92F082A121D2D00948B1C /* AXHomeItemSinglePictureCell.h */ = {isa = PBXFileReference; lastKnownFileType = sourcecode.c.h; path = AXHomeItemSinglePictureCell.h; sourceTree = "<group>"; };
		4CC92F092A121D2D00948B1C /* AXHomeItemSinglePictureCell.m */ = {isa = PBXFileReference; lastKnownFileType = sourcecode.c.objc; path = AXHomeItemSinglePictureCell.m; sourceTree = "<group>"; };
		4CC92F0B2A121D5200948B1C /* AXHomeItemVideoCell.h */ = {isa = PBXFileReference; lastKnownFileType = sourcecode.c.h; path = AXHomeItemVideoCell.h; sourceTree = "<group>"; };
		4CC92F0C2A121D5200948B1C /* AXHomeItemVideoCell.m */ = {isa = PBXFileReference; lastKnownFileType = sourcecode.c.objc; path = AXHomeItemVideoCell.m; sourceTree = "<group>"; };
		4CC92F0E2A121D8800948B1C /* AXHomeItemCharCell.h */ = {isa = PBXFileReference; lastKnownFileType = sourcecode.c.h; path = AXHomeItemCharCell.h; sourceTree = "<group>"; };
		4CC92F0F2A121D8800948B1C /* AXHomeItemCharCell.m */ = {isa = PBXFileReference; lastKnownFileType = sourcecode.c.objc; path = AXHomeItemCharCell.m; sourceTree = "<group>"; };
		4CC92F112A121E4A00948B1C /* AXHomeItemPictureView.h */ = {isa = PBXFileReference; lastKnownFileType = sourcecode.c.h; path = AXHomeItemPictureView.h; sourceTree = "<group>"; };
		4CC92F122A121E4A00948B1C /* AXHomeItemPictureView.m */ = {isa = PBXFileReference; lastKnownFileType = sourcecode.c.objc; path = AXHomeItemPictureView.m; sourceTree = "<group>"; };
		4CFFB0522A02090500E3C814 /* AXPrefixHeader.pch */ = {isa = PBXFileReference; lastKnownFileType = sourcecode.c.h; path = AXPrefixHeader.pch; sourceTree = "<group>"; };
		4CFFB0592A020A8300E3C814 /* UIView+Exta.m */ = {isa = PBXFileReference; fileEncoding = 4; lastKnownFileType = sourcecode.c.objc; path = "UIView+Exta.m"; sourceTree = "<group>"; };
		4CFFB05A2A020A8300E3C814 /* NSString+ZCHelper.h */ = {isa = PBXFileReference; fileEncoding = 4; lastKnownFileType = sourcecode.c.h; path = "NSString+ZCHelper.h"; sourceTree = "<group>"; };
		4CFFB05B2A020A8300E3C814 /* UIColor+Color.m */ = {isa = PBXFileReference; fileEncoding = 4; lastKnownFileType = sourcecode.c.objc; path = "UIColor+Color.m"; sourceTree = "<group>"; };
		4CFFB05C2A020A8300E3C814 /* NSDate+Extension.m */ = {isa = PBXFileReference; fileEncoding = 4; lastKnownFileType = sourcecode.c.objc; path = "NSDate+Extension.m"; sourceTree = "<group>"; };
		4CFFB05D2A020A8300E3C814 /* UILabel+Exta.h */ = {isa = PBXFileReference; fileEncoding = 4; lastKnownFileType = sourcecode.c.h; path = "UILabel+Exta.h"; sourceTree = "<group>"; };
		4CFFB05E2A020A8300E3C814 /* UIImage+Exta.m */ = {isa = PBXFileReference; fileEncoding = 4; lastKnownFileType = sourcecode.c.objc; path = "UIImage+Exta.m"; sourceTree = "<group>"; };
		4CFFB05F2A020A8300E3C814 /* NSString+ZCHelper.m */ = {isa = PBXFileReference; fileEncoding = 4; lastKnownFileType = sourcecode.c.objc; path = "NSString+ZCHelper.m"; sourceTree = "<group>"; };
		4CFFB0602A020A8300E3C814 /* UIImage+Exta.h */ = {isa = PBXFileReference; fileEncoding = 4; lastKnownFileType = sourcecode.c.h; path = "UIImage+Exta.h"; sourceTree = "<group>"; };
		4CFFB0612A020A8300E3C814 /* UITextField+Exta.h */ = {isa = PBXFileReference; fileEncoding = 4; lastKnownFileType = sourcecode.c.h; path = "UITextField+Exta.h"; sourceTree = "<group>"; };
		4CFFB0622A020A8300E3C814 /* UIColor+Color.h */ = {isa = PBXFileReference; fileEncoding = 4; lastKnownFileType = sourcecode.c.h; path = "UIColor+Color.h"; sourceTree = "<group>"; };
		4CFFB0632A020A8300E3C814 /* UIButton+Extra.m */ = {isa = PBXFileReference; fileEncoding = 4; lastKnownFileType = sourcecode.c.objc; path = "UIButton+Extra.m"; sourceTree = "<group>"; };
		4CFFB0642A020A8300E3C814 /* UILabel+Exta.m */ = {isa = PBXFileReference; fileEncoding = 4; lastKnownFileType = sourcecode.c.objc; path = "UILabel+Exta.m"; sourceTree = "<group>"; };
		4CFFB0652A020A8300E3C814 /* UIButton+Extra.h */ = {isa = PBXFileReference; fileEncoding = 4; lastKnownFileType = sourcecode.c.h; path = "UIButton+Extra.h"; sourceTree = "<group>"; };
		4CFFB0662A020A8300E3C814 /* NSDate+Extension.h */ = {isa = PBXFileReference; fileEncoding = 4; lastKnownFileType = sourcecode.c.h; path = "NSDate+Extension.h"; sourceTree = "<group>"; };
		4CFFB0672A020A8300E3C814 /* UIView+Exta.h */ = {isa = PBXFileReference; fileEncoding = 4; lastKnownFileType = sourcecode.c.h; path = "UIView+Exta.h"; sourceTree = "<group>"; };
		4CFFB0682A020A8300E3C814 /* UIView+Positon.h */ = {isa = PBXFileReference; fileEncoding = 4; lastKnownFileType = sourcecode.c.h; path = "UIView+Positon.h"; sourceTree = "<group>"; };
		4CFFB0692A020A8300E3C814 /* UIView+Positon.m */ = {isa = PBXFileReference; fileEncoding = 4; lastKnownFileType = sourcecode.c.objc; path = "UIView+Positon.m"; sourceTree = "<group>"; };
		4CFFB06A2A020A8300E3C814 /* UITextField+Exta.m */ = {isa = PBXFileReference; fileEncoding = 4; lastKnownFileType = sourcecode.c.objc; path = "UITextField+Exta.m"; sourceTree = "<group>"; };
		4CFFB0742A020AEC00E3C814 /* AXConstantMacro.h */ = {isa = PBXFileReference; lastKnownFileType = sourcecode.c.h; path = AXConstantMacro.h; sourceTree = "<group>"; };
		4CFFB0752A020B0000E3C814 /* AXAPIURLMacro.h */ = {isa = PBXFileReference; lastKnownFileType = sourcecode.c.h; path = AXAPIURLMacro.h; sourceTree = "<group>"; };
		4CFFB0762A020BB000E3C814 /* ZCDevice.h */ = {isa = PBXFileReference; fileEncoding = 4; lastKnownFileType = sourcecode.c.h; path = ZCDevice.h; sourceTree = "<group>"; };
		4CFFB0772A020BB000E3C814 /* ZCDevice.m */ = {isa = PBXFileReference; fileEncoding = 4; lastKnownFileType = sourcecode.c.objc; path = ZCDevice.m; sourceTree = "<group>"; };
		4CFFB0792A020DE200E3C814 /* ZCBaseNavController.m */ = {isa = PBXFileReference; fileEncoding = 4; lastKnownFileType = sourcecode.c.objc; path = ZCBaseNavController.m; sourceTree = "<group>"; };
		4CFFB07A2A020DE200E3C814 /* ZCBaseViewController.h */ = {isa = PBXFileReference; fileEncoding = 4; lastKnownFileType = sourcecode.c.h; path = ZCBaseViewController.h; sourceTree = "<group>"; };
		4CFFB07B2A020DE300E3C814 /* ZCBaseNavController.h */ = {isa = PBXFileReference; fileEncoding = 4; lastKnownFileType = sourcecode.c.h; path = ZCBaseNavController.h; sourceTree = "<group>"; };
		4CFFB07C2A020DE300E3C814 /* ZCBaseViewController.m */ = {isa = PBXFileReference; fileEncoding = 4; lastKnownFileType = sourcecode.c.objc; path = ZCBaseViewController.m; sourceTree = "<group>"; };
		4CFFB07F2A020E9300E3C814 /* ZCConfigColor.m */ = {isa = PBXFileReference; fileEncoding = 4; lastKnownFileType = sourcecode.c.objc; path = ZCConfigColor.m; sourceTree = "<group>"; };
		4CFFB0802A020E9300E3C814 /* ZCConfigColor.h */ = {isa = PBXFileReference; fileEncoding = 4; lastKnownFileType = sourcecode.c.h; path = ZCConfigColor.h; sourceTree = "<group>"; };
		4CFFB0852A020F3100E3C814 /* ZCLoginController.h */ = {isa = PBXFileReference; lastKnownFileType = sourcecode.c.h; path = ZCLoginController.h; sourceTree = "<group>"; };
		4CFFB0862A020F3100E3C814 /* ZCLoginController.m */ = {isa = PBXFileReference; lastKnownFileType = sourcecode.c.objc; path = ZCLoginController.m; sourceTree = "<group>"; };
		4CFFB0892A020F7B00E3C814 /* ZCBaseDataTool.h */ = {isa = PBXFileReference; lastKnownFileType = sourcecode.c.h; path = ZCBaseDataTool.h; sourceTree = "<group>"; };
		4CFFB08A2A020F7B00E3C814 /* ZCBaseDataTool.m */ = {isa = PBXFileReference; lastKnownFileType = sourcecode.c.objc; path = ZCBaseDataTool.m; sourceTree = "<group>"; };
		4CFFB08C2A020FA000E3C814 /* ZCUserInfo.h */ = {isa = PBXFileReference; fileEncoding = 4; lastKnownFileType = sourcecode.c.h; path = ZCUserInfo.h; sourceTree = "<group>"; };
		4CFFB08D2A020FA000E3C814 /* ZCUserInfo.m */ = {isa = PBXFileReference; fileEncoding = 4; lastKnownFileType = sourcecode.c.objc; path = ZCUserInfo.m; sourceTree = "<group>"; };
		4CFFB08F2A02107000E3C814 /* ZCRegisterController.h */ = {isa = PBXFileReference; lastKnownFileType = sourcecode.c.h; path = ZCRegisterController.h; sourceTree = "<group>"; };
		4CFFB0902A02107000E3C814 /* ZCRegisterController.m */ = {isa = PBXFileReference; lastKnownFileType = sourcecode.c.objc; path = ZCRegisterController.m; sourceTree = "<group>"; };
		4CFFB0922A02119A00E3C814 /* ZCTabBarController.h */ = {isa = PBXFileReference; lastKnownFileType = sourcecode.c.h; path = ZCTabBarController.h; sourceTree = "<group>"; };
		4CFFB0932A02119A00E3C814 /* ZCTabBarController.m */ = {isa = PBXFileReference; lastKnownFileType = sourcecode.c.objc; path = ZCTabBarController.m; sourceTree = "<group>"; };
		4CFFB0962A0211E700E3C814 /* ZCHomeController.h */ = {isa = PBXFileReference; lastKnownFileType = sourcecode.c.h; path = ZCHomeController.h; sourceTree = "<group>"; };
		4CFFB0972A0211E700E3C814 /* ZCHomeController.m */ = {isa = PBXFileReference; lastKnownFileType = sourcecode.c.objc; path = ZCHomeController.m; sourceTree = "<group>"; };
		4CFFB09B2A02120300E3C814 /* ZCShopController.h */ = {isa = PBXFileReference; lastKnownFileType = sourcecode.c.h; path = ZCShopController.h; sourceTree = "<group>"; };
		4CFFB09C2A02120300E3C814 /* ZCShopController.m */ = {isa = PBXFileReference; lastKnownFileType = sourcecode.c.objc; path = ZCShopController.m; sourceTree = "<group>"; };
		4CFFB0A02A02122F00E3C814 /* ZCFlowController.h */ = {isa = PBXFileReference; lastKnownFileType = sourcecode.c.h; path = ZCFlowController.h; sourceTree = "<group>"; };
		4CFFB0A12A02122F00E3C814 /* ZCFlowController.m */ = {isa = PBXFileReference; lastKnownFileType = sourcecode.c.objc; path = ZCFlowController.m; sourceTree = "<group>"; };
		4CFFB0A52A02124400E3C814 /* ZCMyController.h */ = {isa = PBXFileReference; lastKnownFileType = sourcecode.c.h; path = ZCMyController.h; sourceTree = "<group>"; };
		4CFFB0A62A02124400E3C814 /* ZCMyController.m */ = {isa = PBXFileReference; lastKnownFileType = sourcecode.c.objc; path = ZCMyController.m; sourceTree = "<group>"; };
		4CFFB0AB2A0217E800E3C814 /* HBRouter.h */ = {isa = PBXFileReference; fileEncoding = 4; lastKnownFileType = sourcecode.c.h; path = HBRouter.h; sourceTree = "<group>"; };
		4CFFB0AC2A0217E800E3C814 /* UIResponder+HBRouter.h */ = {isa = PBXFileReference; fileEncoding = 4; lastKnownFileType = sourcecode.c.h; path = "UIResponder+HBRouter.h"; sourceTree = "<group>"; };
		4CFFB0AE2A0217E800E3C814 /* HCRouter.h */ = {isa = PBXFileReference; fileEncoding = 4; lastKnownFileType = sourcecode.c.h; path = HCRouter.h; sourceTree = "<group>"; };
		4CFFB0AF2A0217E800E3C814 /* UIResponder+HBRouter.m */ = {isa = PBXFileReference; fileEncoding = 4; lastKnownFileType = sourcecode.c.objc; path = "UIResponder+HBRouter.m"; sourceTree = "<group>"; };
		4CFFB0B02A0217E800E3C814 /* HBRouter.m */ = {isa = PBXFileReference; fileEncoding = 4; lastKnownFileType = sourcecode.c.objc; path = HBRouter.m; sourceTree = "<group>"; };
		4CFFB0B12A0217E800E3C814 /* HCRouter.m */ = {isa = PBXFileReference; fileEncoding = 4; lastKnownFileType = sourcecode.c.objc; path = HCRouter.m; sourceTree = "<group>"; };
		4CFFB0B62A02181B00E3C814 /* HBRouter.plist */ = {isa = PBXFileReference; lastKnownFileType = text.plist.xml; path = HBRouter.plist; sourceTree = "<group>"; };
		4CFFB0BA2A02188700E3C814 /* ZCLoginFieldView.h */ = {isa = PBXFileReference; lastKnownFileType = sourcecode.c.h; path = ZCLoginFieldView.h; sourceTree = "<group>"; };
		4CFFB0BB2A02188700E3C814 /* ZCLoginFieldView.m */ = {isa = PBXFileReference; lastKnownFileType = sourcecode.c.objc; path = ZCLoginFieldView.m; sourceTree = "<group>"; };
		4CFFB0BD2A02261200E3C814 /* ZCForgetController.h */ = {isa = PBXFileReference; lastKnownFileType = sourcecode.c.h; path = ZCForgetController.h; sourceTree = "<group>"; };
		4CFFB0BE2A02261200E3C814 /* ZCForgetController.m */ = {isa = PBXFileReference; lastKnownFileType = sourcecode.c.objc; path = ZCForgetController.m; sourceTree = "<group>"; };
		4CFFB0C02A0260F800E3C814 /* ZCNetwork.h */ = {isa = PBXFileReference; fileEncoding = 4; lastKnownFileType = sourcecode.c.h; path = ZCNetwork.h; sourceTree = "<group>"; };
		4CFFB0C12A0260F800E3C814 /* ZCNetwork.m */ = {isa = PBXFileReference; fileEncoding = 4; lastKnownFileType = sourcecode.c.objc; path = ZCNetwork.m; sourceTree = "<group>"; };
		4CFFB0C42A0261B600E3C814 /* CFFHud.m */ = {isa = PBXFileReference; fileEncoding = 4; lastKnownFileType = sourcecode.c.objc; path = CFFHud.m; sourceTree = "<group>"; };
		4CFFB0C52A0261B600E3C814 /* ZCHud.m */ = {isa = PBXFileReference; fileEncoding = 4; lastKnownFileType = sourcecode.c.objc; path = ZCHud.m; sourceTree = "<group>"; };
		4CFFB0C62A0261B600E3C814 /* CFFAlertView.m */ = {isa = PBXFileReference; fileEncoding = 4; lastKnownFileType = sourcecode.c.objc; path = CFFAlertView.m; sourceTree = "<group>"; };
		4CFFB0C72A0261B600E3C814 /* CFFHud.h */ = {isa = PBXFileReference; fileEncoding = 4; lastKnownFileType = sourcecode.c.h; path = CFFHud.h; sourceTree = "<group>"; };
		4CFFB0C82A0261B600E3C814 /* ZCHud.h */ = {isa = PBXFileReference; fileEncoding = 4; lastKnownFileType = sourcecode.c.h; path = ZCHud.h; sourceTree = "<group>"; };
		4CFFB0C92A0261B600E3C814 /* CFFAlertView.h */ = {isa = PBXFileReference; fileEncoding = 4; lastKnownFileType = sourcecode.c.h; path = CFFAlertView.h; sourceTree = "<group>"; };
		4CFFB0CD2A0261E200E3C814 /* CFFPopupView.h */ = {isa = PBXFileReference; fileEncoding = 4; lastKnownFileType = sourcecode.c.h; path = CFFPopupView.h; sourceTree = "<group>"; };
		4CFFB0CE2A0261E200E3C814 /* CFFPopupView.m */ = {isa = PBXFileReference; fileEncoding = 4; lastKnownFileType = sourcecode.c.objc; path = CFFPopupView.m; sourceTree = "<group>"; };
		4CFFB0D02A02627600E3C814 /* ZCLoginManage.h */ = {isa = PBXFileReference; lastKnownFileType = sourcecode.c.h; path = ZCLoginManage.h; sourceTree = "<group>"; };
		4CFFB0D12A02627600E3C814 /* ZCLoginManage.m */ = {isa = PBXFileReference; lastKnownFileType = sourcecode.c.objc; path = ZCLoginManage.m; sourceTree = "<group>"; };
		4CFFB0D32A02771800E3C814 /* ZCHomeManage.h */ = {isa = PBXFileReference; lastKnownFileType = sourcecode.c.h; path = ZCHomeManage.h; sourceTree = "<group>"; };
		4CFFB0D42A02771800E3C814 /* ZCHomeManage.m */ = {isa = PBXFileReference; lastKnownFileType = sourcecode.c.objc; path = ZCHomeManage.m; sourceTree = "<group>"; };
		CB66007756FA78C6C649CA1B /* libPods-AXRightWifi.a */ = {isa = PBXFileReference; explicitFileType = archive.ar; includeInIndex = 0; path = "libPods-AXRightWifi.a"; sourceTree = BUILT_PRODUCTS_DIR; };
		DFB08F30AE467AAA673BCDE0 /* Pods-AXRightWifi.debug.xcconfig */ = {isa = PBXFileReference; includeInIndex = 1; lastKnownFileType = text.xcconfig; name = "Pods-AXRightWifi.debug.xcconfig"; path = "Target Support Files/Pods-AXRightWifi/Pods-AXRightWifi.debug.xcconfig"; sourceTree = "<group>"; };
		E6379435791576BB2F2CC89B /* Pods-AXRightWifi.release.xcconfig */ = {isa = PBXFileReference; includeInIndex = 1; lastKnownFileType = text.xcconfig; name = "Pods-AXRightWifi.release.xcconfig"; path = "Target Support Files/Pods-AXRightWifi/Pods-AXRightWifi.release.xcconfig"; sourceTree = "<group>"; };
/* End PBXFileReference section */

/* Begin PBXFrameworksBuildPhase section */
		4C9B6E2629E8210D0007BDB5 /* Frameworks */ = {
			isa = PBXFrameworksBuildPhase;
			buildActionMask = 2147483647;
			files = (
				0BFD82806B5A0B62C992F1AE /* libPods-AXRightWifi.a in Frameworks */,
			);
			runOnlyForDeploymentPostprocessing = 0;
		};
		4C9B6E4129E821110007BDB5 /* Frameworks */ = {
			isa = PBXFrameworksBuildPhase;
			buildActionMask = 2147483647;
			files = (
			);
			runOnlyForDeploymentPostprocessing = 0;
		};
		4C9B6E4B29E821110007BDB5 /* Frameworks */ = {
			isa = PBXFrameworksBuildPhase;
			buildActionMask = 2147483647;
			files = (
			);
			runOnlyForDeploymentPostprocessing = 0;
		};
/* End PBXFrameworksBuildPhase section */

/* Begin PBXGroup section */
		4C1B8AB12A131CDD0051491F /* View */ = {
			isa = PBXGroup;
			children = (
				4C1B8AB32A131D040051491F /* AXFlowDateView.h */,
				4C1B8AB42A131D040051491F /* AXFlowDateView.m */,
				4C1B8AB62A13200A0051491F /* AXFlowCardDataView.h */,
				4C1B8AB72A13200A0051491F /* AXFlowCardDataView.m */,
				4C1B8ABC2A134B9E0051491F /* AXFlowRewardItemCell.h */,
				4C1B8ABD2A134B9E0051491F /* AXFlowRewardItemCell.m */,
				4C1B8ABF2A13631E0051491F /* AXFlowDonwHeadView.h */,
				4C1B8AC02A13631E0051491F /* AXFlowDonwHeadView.m */,
				4C1B8AC22A1367EE0051491F /* AXFlowDownItemCell.h */,
				4C1B8AC32A1367EE0051491F /* AXFlowDownItemCell.m */,
			);
			path = View;
			sourceTree = "<group>";
		};
		4C1B8AB22A131CE30051491F /* Model */ = {
			isa = PBXGroup;
			children = (
			);
			path = Model;
			sourceTree = "<group>";
		};
		4C9B6E2029E8210D0007BDB5 = {
			isa = PBXGroup;
			children = (
				4C9B6E2B29E8210D0007BDB5 /* AXRightWifi */,
				4C9B6E4729E821110007BDB5 /* AXRightWifiTests */,
				4C9B6E5129E821110007BDB5 /* AXRightWifiUITests */,
				4C9B6E2A29E8210D0007BDB5 /* Products */,
				BDE6E2C3B91A9E6FDFB8320A /* Pods */,
				68D1615FF6FD26A47491C974 /* Frameworks */,
			);
			sourceTree = "<group>";
		};
		4C9B6E2A29E8210D0007BDB5 /* Products */ = {
			isa = PBXGroup;
			children = (
				4C9B6E2929E8210D0007BDB5 /* AXRightWifi.app */,
				4C9B6E4429E821110007BDB5 /* AXRightWifiTests.xctest */,
				4C9B6E4E29E821110007BDB5 /* AXRightWifiUITests.xctest */,
			);
			name = Products;
			sourceTree = "<group>";
		};
		4C9B6E2B29E8210D0007BDB5 /* AXRightWifi */ = {
			isa = PBXGroup;
			children = (
				4CFFB0882A020F5300E3C814 /* ConfigureData */,
				4CFFB0582A0209ED00E3C814 /* Base */,
				4CFFB0572A0209E000E3C814 /* Category */,
				4CFFB0562A0209D300E3C814 /* Tool */,
				4CFFB0552A0209CD00E3C814 /* Libs */,
				4CFFB0542A0209B700E3C814 /* Modules */,
				4CFFB0532A0209A700E3C814 /* Macro */,
				4CFFB0512A0208D600E3C814 /* Network */,
				4CFFB0502A0208CE00E3C814 /* Source */,
				4C9B6E3D29E821110007BDB5 /* Info.plist */,
				4CFFB04F2A02078900E3C814 /* Other */,
			);
			path = AXRightWifi;
			sourceTree = "<group>";
		};
		4C9B6E4729E821110007BDB5 /* AXRightWifiTests */ = {
			isa = PBXGroup;
			children = (
				4C9B6E4829E821110007BDB5 /* AXRightWifiTests.m */,
			);
			path = AXRightWifiTests;
			sourceTree = "<group>";
		};
		4C9B6E5129E821110007BDB5 /* AXRightWifiUITests */ = {
			isa = PBXGroup;
			children = (
				4C9B6E5229E821110007BDB5 /* AXRightWifiUITests.m */,
				4C9B6E5429E821110007BDB5 /* AXRightWifiUITestsLaunchTests.m */,
			);
			path = AXRightWifiUITests;
			sourceTree = "<group>";
		};
		4CC92EFE2A12011C00948B1C /* View */ = {
			isa = PBXGroup;
			children = (
				4CC92EFF2A12013600948B1C /* AXHomeItemView.h */,
				4CC92F002A12013600948B1C /* AXHomeItemView.m */,
				4CC92F022A1214FB00948B1C /* AXHomeSearchView.h */,
				4CC92F032A1214FB00948B1C /* AXHomeSearchView.m */,
				4CC92F052A121D1C00948B1C /* AXHomeItemMulPictureCell.h */,
				4CC92F062A121D1C00948B1C /* AXHomeItemMulPictureCell.m */,
				4CC92F082A121D2D00948B1C /* AXHomeItemSinglePictureCell.h */,
				4CC92F092A121D2D00948B1C /* AXHomeItemSinglePictureCell.m */,
				4CC92F0B2A121D5200948B1C /* AXHomeItemVideoCell.h */,
				4CC92F0C2A121D5200948B1C /* AXHomeItemVideoCell.m */,
				4CC92F0E2A121D8800948B1C /* AXHomeItemCharCell.h */,
				4CC92F0F2A121D8800948B1C /* AXHomeItemCharCell.m */,
				4CC92F112A121E4A00948B1C /* AXHomeItemPictureView.h */,
				4CC92F122A121E4A00948B1C /* AXHomeItemPictureView.m */,
			);
			path = View;
			sourceTree = "<group>";
		};
		4CFFB04F2A02078900E3C814 /* Other */ = {
			isa = PBXGroup;
			children = (
				4C9B6E3529E8210D0007BDB5 /* Main.storyboard */,
				4C9B6E3829E821110007BDB5 /* Assets.xcassets */,
				4C9B6E3A29E821110007BDB5 /* LaunchScreen.storyboard */,
				4C9B6E3E29E821110007BDB5 /* main.m */,
				4C9B6E2C29E8210D0007BDB5 /* AppDelegate.h */,
				4C9B6E2D29E8210D0007BDB5 /* AppDelegate.m */,
			);
			path = Other;
			sourceTree = "<group>";
		};
		4CFFB0502A0208CE00E3C814 /* Source */ = {
			isa = PBXGroup;
			children = (
				4CFFB0522A02090500E3C814 /* AXPrefixHeader.pch */,
			);
			path = Source;
			sourceTree = "<group>";
		};
		4CFFB0512A0208D600E3C814 /* Network */ = {
			isa = PBXGroup;
			children = (
				4CFFB0C02A0260F800E3C814 /* ZCNetwork.h */,
				4CFFB0C12A0260F800E3C814 /* ZCNetwork.m */,
				4CFFB0D02A02627600E3C814 /* ZCLoginManage.h */,
				4CFFB0D12A02627600E3C814 /* ZCLoginManage.m */,
				4CFFB0D32A02771800E3C814 /* ZCHomeManage.h */,
				4CFFB0D42A02771800E3C814 /* ZCHomeManage.m */,
				4C1B8AB92A1336040051491F /* ZCFlowManage.h */,
				4C1B8ABA2A1336040051491F /* ZCFlowManage.m */,
			);
			path = Network;
			sourceTree = "<group>";
		};
		4CFFB0532A0209A700E3C814 /* Macro */ = {
			isa = PBXGroup;
			children = (
				4CFFB0742A020AEC00E3C814 /* AXConstantMacro.h */,
				4CFFB0752A020B0000E3C814 /* AXAPIURLMacro.h */,
			);
			path = Macro;
			sourceTree = "<group>";
		};
		4CFFB0542A0209B700E3C814 /* Modules */ = {
			isa = PBXGroup;
			children = (
				4CFFB0A32A02123300E3C814 /* My */,
				4CFFB09E2A02120700E3C814 /* Flow */,
				4CFFB0992A0211EC00E3C814 /* Shop */,
				4CFFB0832A020F0700E3C814 /* Home */,
				4CFFB0822A020F0200E3C814 /* Login */,
			);
			path = Modules;
			sourceTree = "<group>";
		};
		4CFFB0552A0209CD00E3C814 /* Libs */ = {
			isa = PBXGroup;
			children = (
			);
			path = Libs;
			sourceTree = "<group>";
		};
		4CFFB0562A0209D300E3C814 /* Tool */ = {
			isa = PBXGroup;
			children = (
				4CFFB0C32A0261B600E3C814 /* HUD */,
				4CFFB0AA2A0217E800E3C814 /* Router */,
				4CFFB0802A020E9300E3C814 /* ZCConfigColor.h */,
				4CFFB07F2A020E9300E3C814 /* ZCConfigColor.m */,
				4CFFB0762A020BB000E3C814 /* ZCDevice.h */,
				4CFFB0772A020BB000E3C814 /* ZCDevice.m */,
			);
			path = Tool;
			sourceTree = "<group>";
		};
		4CFFB0572A0209E000E3C814 /* Category */ = {
			isa = PBXGroup;
			children = (
				4CFFB0662A020A8300E3C814 /* NSDate+Extension.h */,
				4CFFB05C2A020A8300E3C814 /* NSDate+Extension.m */,
				4CFFB05A2A020A8300E3C814 /* NSString+ZCHelper.h */,
				4CFFB05F2A020A8300E3C814 /* NSString+ZCHelper.m */,
				4CFFB0652A020A8300E3C814 /* UIButton+Extra.h */,
				4CFFB0632A020A8300E3C814 /* UIButton+Extra.m */,
				4CFFB0622A020A8300E3C814 /* UIColor+Color.h */,
				4CFFB05B2A020A8300E3C814 /* UIColor+Color.m */,
				4CFFB0602A020A8300E3C814 /* UIImage+Exta.h */,
				4CFFB05E2A020A8300E3C814 /* UIImage+Exta.m */,
				4CFFB05D2A020A8300E3C814 /* UILabel+Exta.h */,
				4CFFB0642A020A8300E3C814 /* UILabel+Exta.m */,
				4CFFB0612A020A8300E3C814 /* UITextField+Exta.h */,
				4CFFB06A2A020A8300E3C814 /* UITextField+Exta.m */,
				4CFFB0672A020A8300E3C814 /* UIView+Exta.h */,
				4CFFB0592A020A8300E3C814 /* UIView+Exta.m */,
				4CFFB0682A020A8300E3C814 /* UIView+Positon.h */,
				4CFFB0692A020A8300E3C814 /* UIView+Positon.m */,
			);
			path = Category;
			sourceTree = "<group>";
		};
		4CFFB0582A0209ED00E3C814 /* Base */ = {
			isa = PBXGroup;
			children = (
				4CFFB07B2A020DE300E3C814 /* ZCBaseNavController.h */,
				4CFFB0792A020DE200E3C814 /* ZCBaseNavController.m */,
				4CFFB07A2A020DE200E3C814 /* ZCBaseViewController.h */,
				4CFFB07C2A020DE300E3C814 /* ZCBaseViewController.m */,
				4CFFB0922A02119A00E3C814 /* ZCTabBarController.h */,
				4CFFB0932A02119A00E3C814 /* ZCTabBarController.m */,
			);
			path = Base;
			sourceTree = "<group>";
		};
		4CFFB0822A020F0200E3C814 /* Login */ = {
			isa = PBXGroup;
			children = (
				4CFFB0B92A02186600E3C814 /* View */,
				4CFFB0B82A02185F00E3C814 /* Controller */,
			);
			path = Login;
			sourceTree = "<group>";
		};
		4CFFB0832A020F0700E3C814 /* Home */ = {
			isa = PBXGroup;
			children = (
				4CC92EFE2A12011C00948B1C /* View */,
				4CFFB0952A0211D300E3C814 /* Controller */,
			);
			path = Home;
			sourceTree = "<group>";
		};
		4CFFB0882A020F5300E3C814 /* ConfigureData */ = {
			isa = PBXGroup;
			children = (
				4CFFB08C2A020FA000E3C814 /* ZCUserInfo.h */,
				4CFFB08D2A020FA000E3C814 /* ZCUserInfo.m */,
				4CFFB0892A020F7B00E3C814 /* ZCBaseDataTool.h */,
				4CFFB08A2A020F7B00E3C814 /* ZCBaseDataTool.m */,
			);
			path = ConfigureData;
			sourceTree = "<group>";
		};
		4CFFB0952A0211D300E3C814 /* Controller */ = {
			isa = PBXGroup;
			children = (
				4CFFB0962A0211E700E3C814 /* ZCHomeController.h */,
				4CFFB0972A0211E700E3C814 /* ZCHomeController.m */,
			);
			path = Controller;
			sourceTree = "<group>";
		};
		4CFFB0992A0211EC00E3C814 /* Shop */ = {
			isa = PBXGroup;
			children = (
				4CFFB09A2A0211F700E3C814 /* Controller */,
			);
			path = Shop;
			sourceTree = "<group>";
		};
		4CFFB09A2A0211F700E3C814 /* Controller */ = {
			isa = PBXGroup;
			children = (
				4CFFB09B2A02120300E3C814 /* ZCShopController.h */,
				4CFFB09C2A02120300E3C814 /* ZCShopController.m */,
			);
			path = Controller;
			sourceTree = "<group>";
		};
		4CFFB09E2A02120700E3C814 /* Flow */ = {
			isa = PBXGroup;
			children = (
				4C1B8AB22A131CE30051491F /* Model */,
				4C1B8AB12A131CDD0051491F /* View */,
				4CFFB09F2A02122300E3C814 /* Controller */,
			);
			path = Flow;
			sourceTree = "<group>";
		};
		4CFFB09F2A02122300E3C814 /* Controller */ = {
			isa = PBXGroup;
			children = (
				4CFFB0A02A02122F00E3C814 /* ZCFlowController.h */,
				4CFFB0A12A02122F00E3C814 /* ZCFlowController.m */,
			);
			path = Controller;
			sourceTree = "<group>";
		};
		4CFFB0A32A02123300E3C814 /* My */ = {
			isa = PBXGroup;
			children = (
				4CFFB0A42A02123900E3C814 /* Controller */,
			);
			path = My;
			sourceTree = "<group>";
		};
		4CFFB0A42A02123900E3C814 /* Controller */ = {
			isa = PBXGroup;
			children = (
				4CFFB0A52A02124400E3C814 /* ZCMyController.h */,
				4CFFB0A62A02124400E3C814 /* ZCMyController.m */,
			);
			path = Controller;
			sourceTree = "<group>";
		};
		4CFFB0AA2A0217E800E3C814 /* Router */ = {
			isa = PBXGroup;
			children = (
				4CFFB0AB2A0217E800E3C814 /* HBRouter.h */,
				4CFFB0B02A0217E800E3C814 /* HBRouter.m */,
				4CFFB0AE2A0217E800E3C814 /* HCRouter.h */,
				4CFFB0B12A0217E800E3C814 /* HCRouter.m */,
				4CFFB0AC2A0217E800E3C814 /* UIResponder+HBRouter.h */,
				4CFFB0AF2A0217E800E3C814 /* UIResponder+HBRouter.m */,
				4CFFB0B62A02181B00E3C814 /* HBRouter.plist */,
			);
			path = Router;
			sourceTree = "<group>";
		};
		4CFFB0B82A02185F00E3C814 /* Controller */ = {
			isa = PBXGroup;
			children = (
				4CFFB0852A020F3100E3C814 /* ZCLoginController.h */,
				4CFFB0862A020F3100E3C814 /* ZCLoginController.m */,
				4CFFB08F2A02107000E3C814 /* ZCRegisterController.h */,
				4CFFB0902A02107000E3C814 /* ZCRegisterController.m */,
				4CFFB0BD2A02261200E3C814 /* ZCForgetController.h */,
				4CFFB0BE2A02261200E3C814 /* ZCForgetController.m */,
			);
			path = Controller;
			sourceTree = "<group>";
		};
		4CFFB0B92A02186600E3C814 /* View */ = {
			isa = PBXGroup;
			children = (
				4CFFB0BA2A02188700E3C814 /* ZCLoginFieldView.h */,
				4CFFB0BB2A02188700E3C814 /* ZCLoginFieldView.m */,
			);
			path = View;
			sourceTree = "<group>";
		};
		4CFFB0C32A0261B600E3C814 /* HUD */ = {
			isa = PBXGroup;
			children = (
				4CFFB0CD2A0261E200E3C814 /* CFFPopupView.h */,
				4CFFB0CE2A0261E200E3C814 /* CFFPopupView.m */,
				4CFFB0C92A0261B600E3C814 /* CFFAlertView.h */,
				4CFFB0C62A0261B600E3C814 /* CFFAlertView.m */,
				4CFFB0C72A0261B600E3C814 /* CFFHud.h */,
				4CFFB0C42A0261B600E3C814 /* CFFHud.m */,
				4CFFB0C82A0261B600E3C814 /* ZCHud.h */,
				4CFFB0C52A0261B600E3C814 /* ZCHud.m */,
			);
			path = HUD;
			sourceTree = "<group>";
		};
		68D1615FF6FD26A47491C974 /* Frameworks */ = {
			isa = PBXGroup;
			children = (
				CB66007756FA78C6C649CA1B /* libPods-AXRightWifi.a */,
			);
			name = Frameworks;
			sourceTree = "<group>";
		};
		BDE6E2C3B91A9E6FDFB8320A /* Pods */ = {
			isa = PBXGroup;
			children = (
				DFB08F30AE467AAA673BCDE0 /* Pods-AXRightWifi.debug.xcconfig */,
				E6379435791576BB2F2CC89B /* Pods-AXRightWifi.release.xcconfig */,
			);
			path = Pods;
			sourceTree = "<group>";
		};
/* End PBXGroup section */

/* Begin PBXNativeTarget section */
		4C9B6E2829E8210D0007BDB5 /* AXRightWifi */ = {
			isa = PBXNativeTarget;
			buildConfigurationList = 4C9B6E5829E821110007BDB5 /* Build configuration list for PBXNativeTarget "AXRightWifi" */;
			buildPhases = (
				FA0625E52A8F5105BEEFE0CF /* [CP] Check Pods Manifest.lock */,
				4C9B6E2529E8210D0007BDB5 /* Sources */,
				4C9B6E2629E8210D0007BDB5 /* Frameworks */,
				4C9B6E2729E8210D0007BDB5 /* Resources */,
				4294B3CA689E662271C12EE2 /* [CP] Copy Pods Resources */,
			);
			buildRules = (
			);
			dependencies = (
			);
			name = AXRightWifi;
			productName = AXRightWifi;
			productReference = 4C9B6E2929E8210D0007BDB5 /* AXRightWifi.app */;
			productType = "com.apple.product-type.application";
		};
		4C9B6E4329E821110007BDB5 /* AXRightWifiTests */ = {
			isa = PBXNativeTarget;
			buildConfigurationList = 4C9B6E5B29E821110007BDB5 /* Build configuration list for PBXNativeTarget "AXRightWifiTests" */;
			buildPhases = (
				4C9B6E4029E821110007BDB5 /* Sources */,
				4C9B6E4129E821110007BDB5 /* Frameworks */,
				4C9B6E4229E821110007BDB5 /* Resources */,
			);
			buildRules = (
			);
			dependencies = (
				4C9B6E4629E821110007BDB5 /* PBXTargetDependency */,
			);
			name = AXRightWifiTests;
			productName = AXRightWifiTests;
			productReference = 4C9B6E4429E821110007BDB5 /* AXRightWifiTests.xctest */;
			productType = "com.apple.product-type.bundle.unit-test";
		};
		4C9B6E4D29E821110007BDB5 /* AXRightWifiUITests */ = {
			isa = PBXNativeTarget;
			buildConfigurationList = 4C9B6E5E29E821110007BDB5 /* Build configuration list for PBXNativeTarget "AXRightWifiUITests" */;
			buildPhases = (
				4C9B6E4A29E821110007BDB5 /* Sources */,
				4C9B6E4B29E821110007BDB5 /* Frameworks */,
				4C9B6E4C29E821110007BDB5 /* Resources */,
			);
			buildRules = (
			);
			dependencies = (
				4C9B6E5029E821110007BDB5 /* PBXTargetDependency */,
			);
			name = AXRightWifiUITests;
			productName = AXRightWifiUITests;
			productReference = 4C9B6E4E29E821110007BDB5 /* AXRightWifiUITests.xctest */;
			productType = "com.apple.product-type.bundle.ui-testing";
		};
/* End PBXNativeTarget section */

/* Begin PBXProject section */
		4C9B6E2129E8210D0007BDB5 /* Project object */ = {
			isa = PBXProject;
			attributes = {
				BuildIndependentTargetsInParallel = 1;
				LastUpgradeCheck = 1330;
				TargetAttributes = {
					4C9B6E2829E8210D0007BDB5 = {
						CreatedOnToolsVersion = 13.3.1;
					};
					4C9B6E4329E821110007BDB5 = {
						CreatedOnToolsVersion = 13.3.1;
						TestTargetID = 4C9B6E2829E8210D0007BDB5;
					};
					4C9B6E4D29E821110007BDB5 = {
						CreatedOnToolsVersion = 13.3.1;
						TestTargetID = 4C9B6E2829E8210D0007BDB5;
					};
				};
			};
			buildConfigurationList = 4C9B6E2429E8210D0007BDB5 /* Build configuration list for PBXProject "AXRightWifi" */;
			compatibilityVersion = "Xcode 13.0";
			developmentRegion = en;
			hasScannedForEncodings = 0;
			knownRegions = (
				en,
				Base,
			);
			mainGroup = 4C9B6E2029E8210D0007BDB5;
			productRefGroup = 4C9B6E2A29E8210D0007BDB5 /* Products */;
			projectDirPath = "";
			projectRoot = "";
			targets = (
				4C9B6E2829E8210D0007BDB5 /* AXRightWifi */,
				4C9B6E4329E821110007BDB5 /* AXRightWifiTests */,
				4C9B6E4D29E821110007BDB5 /* AXRightWifiUITests */,
			);
		};
/* End PBXProject section */

/* Begin PBXResourcesBuildPhase section */
		4C9B6E2729E8210D0007BDB5 /* Resources */ = {
			isa = PBXResourcesBuildPhase;
			buildActionMask = 2147483647;
			files = (
				4C9B6E3C29E821110007BDB5 /* LaunchScreen.storyboard in Resources */,
				4C9B6E3929E821110007BDB5 /* Assets.xcassets in Resources */,
				4C9B6E3729E8210D0007BDB5 /* Main.storyboard in Resources */,
				4CFFB0B72A02181B00E3C814 /* HBRouter.plist in Resources */,
			);
			runOnlyForDeploymentPostprocessing = 0;
		};
		4C9B6E4229E821110007BDB5 /* Resources */ = {
			isa = PBXResourcesBuildPhase;
			buildActionMask = 2147483647;
			files = (
			);
			runOnlyForDeploymentPostprocessing = 0;
		};
		4C9B6E4C29E821110007BDB5 /* Resources */ = {
			isa = PBXResourcesBuildPhase;
			buildActionMask = 2147483647;
			files = (
			);
			runOnlyForDeploymentPostprocessing = 0;
		};
/* End PBXResourcesBuildPhase section */

/* Begin PBXShellScriptBuildPhase section */
		4294B3CA689E662271C12EE2 /* [CP] Copy Pods Resources */ = {
			isa = PBXShellScriptBuildPhase;
			buildActionMask = 2147483647;
			files = (
			);
			inputFileListPaths = (
				"${PODS_ROOT}/Target Support Files/Pods-AXRightWifi/Pods-AXRightWifi-resources-${CONFIGURATION}-input-files.xcfilelist",
			);
			name = "[CP] Copy Pods Resources";
			outputFileListPaths = (
				"${PODS_ROOT}/Target Support Files/Pods-AXRightWifi/Pods-AXRightWifi-resources-${CONFIGURATION}-output-files.xcfilelist",
			);
			runOnlyForDeploymentPostprocessing = 0;
			shellPath = /bin/sh;
			shellScript = "\"${PODS_ROOT}/Target Support Files/Pods-AXRightWifi/Pods-AXRightWifi-resources.sh\"\n";
			showEnvVarsInLog = 0;
		};
		FA0625E52A8F5105BEEFE0CF /* [CP] Check Pods Manifest.lock */ = {
			isa = PBXShellScriptBuildPhase;
			buildActionMask = 2147483647;
			files = (
			);
			inputFileListPaths = (
			);
			inputPaths = (
				"${PODS_PODFILE_DIR_PATH}/Podfile.lock",
				"${PODS_ROOT}/Manifest.lock",
			);
			name = "[CP] Check Pods Manifest.lock";
			outputFileListPaths = (
			);
			outputPaths = (
				"$(DERIVED_FILE_DIR)/Pods-AXRightWifi-checkManifestLockResult.txt",
			);
			runOnlyForDeploymentPostprocessing = 0;
			shellPath = /bin/sh;
			shellScript = "diff \"${PODS_PODFILE_DIR_PATH}/Podfile.lock\" \"${PODS_ROOT}/Manifest.lock\" > /dev/null\nif [ $? != 0 ] ; then\n    # print error to STDERR\n    echo \"error: The sandbox is not in sync with the Podfile.lock. Run 'pod install' or update your CocoaPods installation.\" >&2\n    exit 1\nfi\n# This output is used by Xcode 'outputs' to avoid re-running this script phase.\necho \"SUCCESS\" > \"${SCRIPT_OUTPUT_FILE_0}\"\n";
			showEnvVarsInLog = 0;
		};
/* End PBXShellScriptBuildPhase section */

/* Begin PBXSourcesBuildPhase section */
		4C9B6E2529E8210D0007BDB5 /* Sources */ = {
			isa = PBXSourcesBuildPhase;
			buildActionMask = 2147483647;
			files = (
				4CFFB0CB2A0261B600E3C814 /* ZCHud.m in Sources */,
				4CFFB0B42A0217E800E3C814 /* HBRouter.m in Sources */,
				4CFFB0722A020A8300E3C814 /* UIView+Positon.m in Sources */,
				4CFFB0BC2A02188700E3C814 /* ZCLoginFieldView.m in Sources */,
				4CFFB0982A0211E700E3C814 /* ZCHomeController.m in Sources */,
				4C1B8AC12A13631E0051491F /* AXFlowDonwHeadView.m in Sources */,
				4CFFB0A72A02124400E3C814 /* ZCMyController.m in Sources */,
				4CFFB0702A020A8300E3C814 /* UIButton+Extra.m in Sources */,
				4CFFB0D22A02627600E3C814 /* ZCLoginManage.m in Sources */,
				4CFFB07D2A020DE300E3C814 /* ZCBaseNavController.m in Sources */,
				4CFFB0C22A0260F800E3C814 /* ZCNetwork.m in Sources */,
				4CFFB0712A020A8300E3C814 /* UILabel+Exta.m in Sources */,
				4C1B8AB82A13200A0051491F /* AXFlowCardDataView.m in Sources */,
				4CFFB0942A02119A00E3C814 /* ZCTabBarController.m in Sources */,
				4CFFB0BF2A02261200E3C814 /* ZCForgetController.m in Sources */,
				4C9B6E2E29E8210D0007BDB5 /* AppDelegate.m in Sources */,
				4CC92F042A1214FB00948B1C /* AXHomeSearchView.m in Sources */,
				4CFFB06D2A020A8300E3C814 /* NSDate+Extension.m in Sources */,
				4CC92F132A121E4A00948B1C /* AXHomeItemPictureView.m in Sources */,
				4CFFB0782A020BB000E3C814 /* ZCDevice.m in Sources */,
				4CFFB0A22A02122F00E3C814 /* ZCFlowController.m in Sources */,
				4CFFB06B2A020A8300E3C814 /* UIView+Exta.m in Sources */,
				4CFFB0872A020F3100E3C814 /* ZCLoginController.m in Sources */,
				4C1B8AB52A131D040051491F /* AXFlowDateView.m in Sources */,
				4CFFB0912A02107000E3C814 /* ZCRegisterController.m in Sources */,
				4CFFB0CA2A0261B600E3C814 /* CFFHud.m in Sources */,
				4CFFB09D2A02120300E3C814 /* ZCShopController.m in Sources */,
				4CFFB06C2A020A8300E3C814 /* UIColor+Color.m in Sources */,
				4C1B8AC42A1367EE0051491F /* AXFlowDownItemCell.m in Sources */,
				4CC92F012A12013600948B1C /* AXHomeItemView.m in Sources */,
				4CC92F072A121D1C00948B1C /* AXHomeItemMulPictureCell.m in Sources */,
				4CFFB08B2A020F7B00E3C814 /* ZCBaseDataTool.m in Sources */,
				4C9B6E3F29E821110007BDB5 /* main.m in Sources */,
				4CC92F0A2A121D2D00948B1C /* AXHomeItemSinglePictureCell.m in Sources */,
				4CFFB0732A020A8300E3C814 /* UITextField+Exta.m in Sources */,
				4C1B8ABB2A1336040051491F /* ZCFlowManage.m in Sources */,
				4CFFB0B32A0217E800E3C814 /* UIResponder+HBRouter.m in Sources */,
				4CFFB0812A020E9300E3C814 /* ZCConfigColor.m in Sources */,
				4CFFB06F2A020A8300E3C814 /* NSString+ZCHelper.m in Sources */,
				4CFFB07E2A020DE300E3C814 /* ZCBaseViewController.m in Sources */,
				4CFFB0CC2A0261B600E3C814 /* CFFAlertView.m in Sources */,
				4CFFB06E2A020A8300E3C814 /* UIImage+Exta.m in Sources */,
				4CFFB0D52A02771800E3C814 /* ZCHomeManage.m in Sources */,
				4C1B8ABE2A134B9E0051491F /* AXFlowRewardItemCell.m in Sources */,
				4CFFB08E2A020FA000E3C814 /* ZCUserInfo.m in Sources */,
				4CC92F102A121D8800948B1C /* AXHomeItemCharCell.m in Sources */,
				4CFFB0B52A0217E800E3C814 /* HCRouter.m in Sources */,
				4CFFB0CF2A0261E200E3C814 /* CFFPopupView.m in Sources */,
				4CC92F0D2A121D5200948B1C /* AXHomeItemVideoCell.m in Sources */,
			);
			runOnlyForDeploymentPostprocessing = 0;
		};
		4C9B6E4029E821110007BDB5 /* Sources */ = {
			isa = PBXSourcesBuildPhase;
			buildActionMask = 2147483647;
			files = (
				4C9B6E4929E821110007BDB5 /* AXRightWifiTests.m in Sources */,
			);
			runOnlyForDeploymentPostprocessing = 0;
		};
		4C9B6E4A29E821110007BDB5 /* Sources */ = {
			isa = PBXSourcesBuildPhase;
			buildActionMask = 2147483647;
			files = (
				4C9B6E5329E821110007BDB5 /* AXRightWifiUITests.m in Sources */,
				4C9B6E5529E821110007BDB5 /* AXRightWifiUITestsLaunchTests.m in Sources */,
			);
			runOnlyForDeploymentPostprocessing = 0;
		};
/* End PBXSourcesBuildPhase section */

/* Begin PBXTargetDependency section */
		4C9B6E4629E821110007BDB5 /* PBXTargetDependency */ = {
			isa = PBXTargetDependency;
			target = 4C9B6E2829E8210D0007BDB5 /* AXRightWifi */;
			targetProxy = 4C9B6E4529E821110007BDB5 /* PBXContainerItemProxy */;
		};
		4C9B6E5029E821110007BDB5 /* PBXTargetDependency */ = {
			isa = PBXTargetDependency;
			target = 4C9B6E2829E8210D0007BDB5 /* AXRightWifi */;
			targetProxy = 4C9B6E4F29E821110007BDB5 /* PBXContainerItemProxy */;
		};
/* End PBXTargetDependency section */

/* Begin PBXVariantGroup section */
		4C9B6E3529E8210D0007BDB5 /* Main.storyboard */ = {
			isa = PBXVariantGroup;
			children = (
				4C9B6E3629E8210D0007BDB5 /* Base */,
			);
			name = Main.storyboard;
			sourceTree = "<group>";
		};
		4C9B6E3A29E821110007BDB5 /* LaunchScreen.storyboard */ = {
			isa = PBXVariantGroup;
			children = (
				4C9B6E3B29E821110007BDB5 /* Base */,
			);
			name = LaunchScreen.storyboard;
			sourceTree = "<group>";
		};
/* End PBXVariantGroup section */

/* Begin XCBuildConfiguration section */
		4C9B6E5629E821110007BDB5 /* Debug */ = {
			isa = XCBuildConfiguration;
			buildSettings = {
				ALWAYS_SEARCH_USER_PATHS = NO;
				CLANG_ANALYZER_NONNULL = YES;
				CLANG_ANALYZER_NUMBER_OBJECT_CONVERSION = YES_AGGRESSIVE;
				CLANG_CXX_LANGUAGE_STANDARD = "gnu++17";
				CLANG_ENABLE_MODULES = YES;
				CLANG_ENABLE_OBJC_ARC = YES;
				CLANG_ENABLE_OBJC_WEAK = YES;
				CLANG_WARN_BLOCK_CAPTURE_AUTORELEASING = YES;
				CLANG_WARN_BOOL_CONVERSION = YES;
				CLANG_WARN_COMMA = YES;
				CLANG_WARN_CONSTANT_CONVERSION = YES;
				CLANG_WARN_DEPRECATED_OBJC_IMPLEMENTATIONS = YES;
				CLANG_WARN_DIRECT_OBJC_ISA_USAGE = YES_ERROR;
				CLANG_WARN_DOCUMENTATION_COMMENTS = YES;
				CLANG_WARN_EMPTY_BODY = YES;
				CLANG_WARN_ENUM_CONVERSION = YES;
				CLANG_WARN_INFINITE_RECURSION = YES;
				CLANG_WARN_INT_CONVERSION = YES;
				CLANG_WARN_NON_LITERAL_NULL_CONVERSION = YES;
				CLANG_WARN_OBJC_IMPLICIT_RETAIN_SELF = YES;
				CLANG_WARN_OBJC_LITERAL_CONVERSION = YES;
				CLANG_WARN_OBJC_ROOT_CLASS = YES_ERROR;
				CLANG_WARN_QUOTED_INCLUDE_IN_FRAMEWORK_HEADER = YES;
				CLANG_WARN_RANGE_LOOP_ANALYSIS = YES;
				CLANG_WARN_STRICT_PROTOTYPES = YES;
				CLANG_WARN_SUSPICIOUS_MOVE = YES;
				CLANG_WARN_UNGUARDED_AVAILABILITY = YES_AGGRESSIVE;
				CLANG_WARN_UNREACHABLE_CODE = YES;
				CLANG_WARN__DUPLICATE_METHOD_MATCH = YES;
				COPY_PHASE_STRIP = NO;
				DEBUG_INFORMATION_FORMAT = dwarf;
				ENABLE_STRICT_OBJC_MSGSEND = YES;
				ENABLE_TESTABILITY = YES;
				GCC_C_LANGUAGE_STANDARD = gnu11;
				GCC_DYNAMIC_NO_PIC = NO;
				GCC_NO_COMMON_BLOCKS = YES;
				GCC_OPTIMIZATION_LEVEL = 0;
				GCC_PREPROCESSOR_DEFINITIONS = (
					"DEBUG=1",
					"$(inherited)",
				);
				GCC_WARN_64_TO_32_BIT_CONVERSION = YES;
				GCC_WARN_ABOUT_RETURN_TYPE = YES_ERROR;
				GCC_WARN_UNDECLARED_SELECTOR = YES;
				GCC_WARN_UNINITIALIZED_AUTOS = YES_AGGRESSIVE;
				GCC_WARN_UNUSED_FUNCTION = YES;
				GCC_WARN_UNUSED_VARIABLE = YES;
				IPHONEOS_DEPLOYMENT_TARGET = 15.4;
				MTL_ENABLE_DEBUG_INFO = INCLUDE_SOURCE;
				MTL_FAST_MATH = YES;
				ONLY_ACTIVE_ARCH = YES;
				SDKROOT = iphoneos;
			};
			name = Debug;
		};
		4C9B6E5729E821110007BDB5 /* Release */ = {
			isa = XCBuildConfiguration;
			buildSettings = {
				ALWAYS_SEARCH_USER_PATHS = NO;
				CLANG_ANALYZER_NONNULL = YES;
				CLANG_ANALYZER_NUMBER_OBJECT_CONVERSION = YES_AGGRESSIVE;
				CLANG_CXX_LANGUAGE_STANDARD = "gnu++17";
				CLANG_ENABLE_MODULES = YES;
				CLANG_ENABLE_OBJC_ARC = YES;
				CLANG_ENABLE_OBJC_WEAK = YES;
				CLANG_WARN_BLOCK_CAPTURE_AUTORELEASING = YES;
				CLANG_WARN_BOOL_CONVERSION = YES;
				CLANG_WARN_COMMA = YES;
				CLANG_WARN_CONSTANT_CONVERSION = YES;
				CLANG_WARN_DEPRECATED_OBJC_IMPLEMENTATIONS = YES;
				CLANG_WARN_DIRECT_OBJC_ISA_USAGE = YES_ERROR;
				CLANG_WARN_DOCUMENTATION_COMMENTS = YES;
				CLANG_WARN_EMPTY_BODY = YES;
				CLANG_WARN_ENUM_CONVERSION = YES;
				CLANG_WARN_INFINITE_RECURSION = YES;
				CLANG_WARN_INT_CONVERSION = YES;
				CLANG_WARN_NON_LITERAL_NULL_CONVERSION = YES;
				CLANG_WARN_OBJC_IMPLICIT_RETAIN_SELF = YES;
				CLANG_WARN_OBJC_LITERAL_CONVERSION = YES;
				CLANG_WARN_OBJC_ROOT_CLASS = YES_ERROR;
				CLANG_WARN_QUOTED_INCLUDE_IN_FRAMEWORK_HEADER = YES;
				CLANG_WARN_RANGE_LOOP_ANALYSIS = YES;
				CLANG_WARN_STRICT_PROTOTYPES = YES;
				CLANG_WARN_SUSPICIOUS_MOVE = YES;
				CLANG_WARN_UNGUARDED_AVAILABILITY = YES_AGGRESSIVE;
				CLANG_WARN_UNREACHABLE_CODE = YES;
				CLANG_WARN__DUPLICATE_METHOD_MATCH = YES;
				COPY_PHASE_STRIP = NO;
				DEBUG_INFORMATION_FORMAT = "dwarf-with-dsym";
				ENABLE_NS_ASSERTIONS = NO;
				ENABLE_STRICT_OBJC_MSGSEND = YES;
				GCC_C_LANGUAGE_STANDARD = gnu11;
				GCC_NO_COMMON_BLOCKS = YES;
				GCC_WARN_64_TO_32_BIT_CONVERSION = YES;
				GCC_WARN_ABOUT_RETURN_TYPE = YES_ERROR;
				GCC_WARN_UNDECLARED_SELECTOR = YES;
				GCC_WARN_UNINITIALIZED_AUTOS = YES_AGGRESSIVE;
				GCC_WARN_UNUSED_FUNCTION = YES;
				GCC_WARN_UNUSED_VARIABLE = YES;
				IPHONEOS_DEPLOYMENT_TARGET = 15.4;
				MTL_ENABLE_DEBUG_INFO = NO;
				MTL_FAST_MATH = YES;
				SDKROOT = iphoneos;
				VALIDATE_PRODUCT = YES;
			};
			name = Release;
		};
		4C9B6E5929E821110007BDB5 /* Debug */ = {
			isa = XCBuildConfiguration;
			baseConfigurationReference = DFB08F30AE467AAA673BCDE0 /* Pods-AXRightWifi.debug.xcconfig */;
			buildSettings = {
				ASSETCATALOG_COMPILER_APPICON_NAME = AppIcon;
				ASSETCATALOG_COMPILER_GLOBAL_ACCENT_COLOR_NAME = AccentColor;
				ASSETCATALOG_COMPILER_INCLUDE_ALL_APPICON_ASSETS = YES;
				CODE_SIGN_STYLE = Automatic;
				CURRENT_PROJECT_VERSION = 1;
				GCC_PRECOMPILE_PREFIX_HEADER = YES;
				GCC_PREFIX_HEADER = AXRightWifi/Source/AXPrefixHeader.pch;
				GENERATE_INFOPLIST_FILE = YES;
				INFOPLIST_FILE = AXRightWifi/Info.plist;
				INFOPLIST_KEY_UIApplicationSupportsIndirectInputEvents = YES;
				INFOPLIST_KEY_UILaunchStoryboardName = LaunchScreen;
				INFOPLIST_KEY_UIMainStoryboardFile = Main;
				INFOPLIST_KEY_UISupportedInterfaceOrientations = UIInterfaceOrientationPortrait;
				INFOPLIST_KEY_UISupportedInterfaceOrientations_iPad = "UIInterfaceOrientationPortrait UIInterfaceOrientationPortraitUpsideDown UIInterfaceOrientationLandscapeLeft UIInterfaceOrientationLandscapeRight";
				INFOPLIST_KEY_UISupportedInterfaceOrientations_iPhone = "UIInterfaceOrientationPortrait UIInterfaceOrientationLandscapeLeft UIInterfaceOrientationLandscapeRight";
				IPHONEOS_DEPLOYMENT_TARGET = 11.0;
				LD_RUNPATH_SEARCH_PATHS = (
					"$(inherited)",
					"@executable_path/Frameworks",
				);
				MARKETING_VERSION = 1.0;
				PRODUCT_BUNDLE_IDENTIFIER = com.youliangwifi.app;
				PRODUCT_NAME = "$(TARGET_NAME)";
				SWIFT_EMIT_LOC_STRINGS = YES;
				TARGETED_DEVICE_FAMILY = 1;
			};
			name = Debug;
		};
		4C9B6E5A29E821110007BDB5 /* Release */ = {
			isa = XCBuildConfiguration;
			baseConfigurationReference = E6379435791576BB2F2CC89B /* Pods-AXRightWifi.release.xcconfig */;
			buildSettings = {
				ASSETCATALOG_COMPILER_APPICON_NAME = AppIcon;
				ASSETCATALOG_COMPILER_GLOBAL_ACCENT_COLOR_NAME = AccentColor;
				ASSETCATALOG_COMPILER_INCLUDE_ALL_APPICON_ASSETS = YES;
				CODE_SIGN_STYLE = Automatic;
				CURRENT_PROJECT_VERSION = 1;
				GCC_PRECOMPILE_PREFIX_HEADER = YES;
				GCC_PREFIX_HEADER = AXRightWifi/Source/AXPrefixHeader.pch;
				GENERATE_INFOPLIST_FILE = YES;
				INFOPLIST_FILE = AXRightWifi/Info.plist;
				INFOPLIST_KEY_UIApplicationSupportsIndirectInputEvents = YES;
				INFOPLIST_KEY_UILaunchStoryboardName = LaunchScreen;
				INFOPLIST_KEY_UIMainStoryboardFile = Main;
				INFOPLIST_KEY_UISupportedInterfaceOrientations = UIInterfaceOrientationPortrait;
				INFOPLIST_KEY_UISupportedInterfaceOrientations_iPad = "UIInterfaceOrientationPortrait UIInterfaceOrientationPortraitUpsideDown UIInterfaceOrientationLandscapeLeft UIInterfaceOrientationLandscapeRight";
				INFOPLIST_KEY_UISupportedInterfaceOrientations_iPhone = "UIInterfaceOrientationPortrait UIInterfaceOrientationLandscapeLeft UIInterfaceOrientationLandscapeRight";
				IPHONEOS_DEPLOYMENT_TARGET = 11.0;
				LD_RUNPATH_SEARCH_PATHS = (
					"$(inherited)",
					"@executable_path/Frameworks",
				);
				MARKETING_VERSION = 1.0;
				PRODUCT_BUNDLE_IDENTIFIER = com.youliangwifi.app;
				PRODUCT_NAME = "$(TARGET_NAME)";
				SWIFT_EMIT_LOC_STRINGS = YES;
				TARGETED_DEVICE_FAMILY = 1;
			};
			name = Release;
		};
		4C9B6E5C29E821110007BDB5 /* Debug */ = {
			isa = XCBuildConfiguration;
			buildSettings = {
				BUNDLE_LOADER = "$(TEST_HOST)";
				CODE_SIGN_STYLE = Automatic;
				CURRENT_PROJECT_VERSION = 1;
				GENERATE_INFOPLIST_FILE = YES;
				IPHONEOS_DEPLOYMENT_TARGET = 15.4;
				MARKETING_VERSION = 1.0;
				PRODUCT_BUNDLE_IDENTIFIER = com.youliangwifi.app.AXRightWifiTests;
				PRODUCT_NAME = "$(TARGET_NAME)";
				SWIFT_EMIT_LOC_STRINGS = NO;
				TARGETED_DEVICE_FAMILY = "1,2";
				TEST_HOST = "$(BUILT_PRODUCTS_DIR)/AXRightWifi.app/AXRightWifi";
			};
			name = Debug;
		};
		4C9B6E5D29E821110007BDB5 /* Release */ = {
			isa = XCBuildConfiguration;
			buildSettings = {
				BUNDLE_LOADER = "$(TEST_HOST)";
				CODE_SIGN_STYLE = Automatic;
				CURRENT_PROJECT_VERSION = 1;
				GENERATE_INFOPLIST_FILE = YES;
				IPHONEOS_DEPLOYMENT_TARGET = 15.4;
				MARKETING_VERSION = 1.0;
				PRODUCT_BUNDLE_IDENTIFIER = com.youliangwifi.app.AXRightWifiTests;
				PRODUCT_NAME = "$(TARGET_NAME)";
				SWIFT_EMIT_LOC_STRINGS = NO;
				TARGETED_DEVICE_FAMILY = "1,2";
				TEST_HOST = "$(BUILT_PRODUCTS_DIR)/AXRightWifi.app/AXRightWifi";
			};
			name = Release;
		};
		4C9B6E5F29E821110007BDB5 /* Debug */ = {
			isa = XCBuildConfiguration;
			buildSettings = {
				CODE_SIGN_STYLE = Automatic;
				CURRENT_PROJECT_VERSION = 1;
				GENERATE_INFOPLIST_FILE = YES;
				MARKETING_VERSION = 1.0;
				PRODUCT_BUNDLE_IDENTIFIER = com.youliangwifi.app.AXRightWifiUITests;
				PRODUCT_NAME = "$(TARGET_NAME)";
				SWIFT_EMIT_LOC_STRINGS = NO;
				TARGETED_DEVICE_FAMILY = "1,2";
				TEST_TARGET_NAME = AXRightWifi;
			};
			name = Debug;
		};
		4C9B6E6029E821110007BDB5 /* Release */ = {
			isa = XCBuildConfiguration;
			buildSettings = {
				CODE_SIGN_STYLE = Automatic;
				CURRENT_PROJECT_VERSION = 1;
				GENERATE_INFOPLIST_FILE = YES;
				MARKETING_VERSION = 1.0;
				PRODUCT_BUNDLE_IDENTIFIER = com.youliangwifi.app.AXRightWifiUITests;
				PRODUCT_NAME = "$(TARGET_NAME)";
				SWIFT_EMIT_LOC_STRINGS = NO;
				TARGETED_DEVICE_FAMILY = "1,2";
				TEST_TARGET_NAME = AXRightWifi;
			};
			name = Release;
		};
/* End XCBuildConfiguration section */

/* Begin XCConfigurationList section */
		4C9B6E2429E8210D0007BDB5 /* Build configuration list for PBXProject "AXRightWifi" */ = {
			isa = XCConfigurationList;
			buildConfigurations = (
				4C9B6E5629E821110007BDB5 /* Debug */,
				4C9B6E5729E821110007BDB5 /* Release */,
			);
			defaultConfigurationIsVisible = 0;
			defaultConfigurationName = Release;
		};
		4C9B6E5829E821110007BDB5 /* Build configuration list for PBXNativeTarget "AXRightWifi" */ = {
			isa = XCConfigurationList;
			buildConfigurations = (
				4C9B6E5929E821110007BDB5 /* Debug */,
				4C9B6E5A29E821110007BDB5 /* Release */,
			);
			defaultConfigurationIsVisible = 0;
			defaultConfigurationName = Release;
		};
		4C9B6E5B29E821110007BDB5 /* Build configuration list for PBXNativeTarget "AXRightWifiTests" */ = {
			isa = XCConfigurationList;
			buildConfigurations = (
				4C9B6E5C29E821110007BDB5 /* Debug */,
				4C9B6E5D29E821110007BDB5 /* Release */,
			);
			defaultConfigurationIsVisible = 0;
			defaultConfigurationName = Release;
		};
		4C9B6E5E29E821110007BDB5 /* Build configuration list for PBXNativeTarget "AXRightWifiUITests" */ = {
			isa = XCConfigurationList;
			buildConfigurations = (
				4C9B6E5F29E821110007BDB5 /* Debug */,
				4C9B6E6029E821110007BDB5 /* Release */,
			);
			defaultConfigurationIsVisible = 0;
			defaultConfigurationName = Release;
		};
/* End XCConfigurationList section */
	};
	rootObject = 4C9B6E2129E8210D0007BDB5 /* Project object */;
}
